
Microsoft Visual Studio Solution File, Format Version 12.00
# Visual Studio 15
VisualStudioVersion = 15.0.26621.2
MinimumVisualStudioVersion = 10.0.40219.1
Project("{9A19103F-16F7-4668-BE54-9A1E7A4F7556}") = "Beheerdersportaal.Model", "Beheerdersportaal.Model\Beheerdersportaal.Model.csproj", "{0D168A92-3BF2-4D72-A8C5-B1FB7F78FA14}"
EndProject
Project("{9A19103F-16F7-4668-BE54-9A1E7A4F7556}") = "Sollicitatiebeheer.Data.EFCore", "Sollicitatiebeheer.Data.EFCore\Sollicitatiebeheer.Data.EFCore.csproj", "{8FF31C9E-0807-48BE-A61D-F94FC807DB97}"
EndProject
Project("{9A19103F-16F7-4668-BE54-9A1E7A4F7556}") = "Sollicitatiebeheer.Data.EFCore.Migrations", "Sollicitatiebeheer.Data.EFCore.Migrations\Sollicitatiebeheer.Data.EFCore.Migrations.csproj", "{E16F78F4-4213-4962-9B7B-71CEA14001E2}"
EndProject
Project("{FAE04EC0-301F-11D3-BF4B-00C04F79EFBC}") = "Beheerdersportaal.Api", "Beheerdersportaal.Api\Beheerdersportaal.Api.csproj", "{40815306-165D-4984-B7BD-E2659FEC95E9}"
EndProject
Global
	GlobalSection(SolutionConfigurationPlatforms) = preSolution
		Debug|Any CPU = Debug|Any CPU
		Release|Any CPU = Release|Any CPU
	EndGlobalSection
	GlobalSection(ProjectConfigurationPlatforms) = postSolution
		{0D168A92-3BF2-4D72-A8C5-B1FB7F78FA14}.Debug|Any CPU.ActiveCfg = Debug|Any CPU
		{0D168A92-3BF2-4D72-A8C5-B1FB7F78FA14}.Debug|Any CPU.Build.0 = Debug|Any CPU
		{0D168A92-3BF2-4D72-A8C5-B1FB7F78FA14}.Release|Any CPU.ActiveCfg = Release|Any CPU
		{0D168A92-3BF2-4D72-A8C5-B1FB7F78FA14}.Release|Any CPU.Build.0 = Release|Any CPU
		{8FF31C9E-0807-48BE-A61D-F94FC807DB97}.Debug|Any CPU.ActiveCfg = Debug|Any CPU
		{8FF31C9E-0807-48BE-A61D-F94FC807DB97}.Debug|Any CPU.Build.0 = Debug|Any CPU
		{8FF31C9E-0807-48BE-A61D-F94FC807DB97}.Release|Any CPU.ActiveCfg = Release|Any CPU
		{8FF31C9E-0807-48BE-A61D-F94FC807DB97}.Release|Any CPU.Build.0 = Release|Any CPU
		{E16F78F4-4213-4962-9B7B-71CEA14001E2}.Debug|Any CPU.ActiveCfg = Debug|Any CPU
		{E16F78F4-4213-4962-9B7B-71CEA14001E2}.Debug|Any CPU.Build.0 = Debug|Any CPU
		{E16F78F4-4213-4962-9B7B-71CEA14001E2}.Release|Any CPU.ActiveCfg = Release|Any CPU
		{E16F78F4-4213-4962-9B7B-71CEA14001E2}.Release|Any CPU.Build.0 = Release|Any CPU
		{40815306-165D-4984-B7BD-E2659FEC95E9}.Debug|Any CPU.ActiveCfg = Debug|Any CPU
		{40815306-165D-4984-B7BD-E2659FEC95E9}.Debug|Any CPU.Build.0 = Debug|Any CPU
		{40815306-165D-4984-B7BD-E2659FEC95E9}.Release|Any CPU.ActiveCfg = Release|Any CPU
		{40815306-165D-4984-B7BD-E2659FEC95E9}.Release|Any CPU.Build.0 = Release|Any CPU
	EndGlobalSection
	GlobalSection(SolutionProperties) = preSolution
		HideSolutionNode = FALSE
	EndGlobalSection
	GlobalSection(ExtensibilityGlobals) = postSolution
		SolutionGuid = {D443D219-E1B5-41E6-9508-8FBDA566237B}
	EndGlobalSection
EndGlobal
